// !$*UTF8*$!
{
	archiveVersion = 1;
	classes = {
	};
	objectVersion = 52;
	objects = {

/* Begin PBXBuildFile section */
		1BCF483C22C3707000DF07F2 /* AppDelegate.swift in Sources */ = {isa = PBXBuildFile; fileRef = 1BCF483B22C3707000DF07F2 /* AppDelegate.swift */; };
		1BCF483E22C3707000DF07F2 /* SceneDelegate.swift in Sources */ = {isa = PBXBuildFile; fileRef = 1BCF483D22C3707000DF07F2 /* SceneDelegate.swift */; };
		1BCF484522C3707200DF07F2 /* Preview Assets.xcassets in Resources */ = {isa = PBXBuildFile; fileRef = 1BCF484422C3707200DF07F2 /* Preview Assets.xcassets */; };
		1BCF484822C3707200DF07F2 /* LaunchScreen.storyboard in Resources */ = {isa = PBXBuildFile; fileRef = 1BCF484622C3707200DF07F2 /* LaunchScreen.storyboard */; };
		1BCF485322C3707200DF07F2 /* status_pageTests.swift in Sources */ = {isa = PBXBuildFile; fileRef = 1BCF485222C3707200DF07F2 /* status_pageTests.swift */; };
		1BCF485E22C3707200DF07F2 /* status_pageUITests.swift in Sources */ = {isa = PBXBuildFile; fileRef = 1BCF485D22C3707200DF07F2 /* status_pageUITests.swift */; };
		1BCF48BA22C371A400DF07F2 /* Cara in Frameworks */ = {isa = PBXBuildFile; productRef = 1BCF48B922C371A400DF07F2 /* Cara */; };
		1BCF48BE22C3720700DF07F2 /* StartView.swift in Sources */ = {isa = PBXBuildFile; fileRef = 1BCF48BD22C3720700DF07F2 /* StartView.swift */; };
		1BCF48C122C388A400DF07F2 /* LoginView.swift in Sources */ = {isa = PBXBuildFile; fileRef = 1BCF48C022C388A400DF07F2 /* LoginView.swift */; };
		8404B7A022D325FE00093992 /* AppDelegate.swift in Sources */ = {isa = PBXBuildFile; fileRef = 8404B79F22D325FE00093992 /* AppDelegate.swift */; };
		8404B7A422D3260000093992 /* Assets.xcassets in Resources */ = {isa = PBXBuildFile; fileRef = 8404B7A322D3260000093992 /* Assets.xcassets */; };
		8404B7A722D3260000093992 /* Preview Assets.xcassets in Resources */ = {isa = PBXBuildFile; fileRef = 8404B7A622D3260000093992 /* Preview Assets.xcassets */; };
		8404B7B322D326B100093992 /* status_page_shared.swift in Sources */ = {isa = PBXBuildFile; fileRef = 8404B7B222D326B100093992 /* status_page_shared.swift */; };
		8404B7D422D3279800093992 /* Palette.swift in Sources */ = {isa = PBXBuildFile; fileRef = 8404B7D022D3279800093992 /* Palette.swift */; };
		8404B7D522D3279800093992 /* FontBook.swift in Sources */ = {isa = PBXBuildFile; fileRef = 8404B7D122D3279800093992 /* FontBook.swift */; };
		8404B7D822D327A700093992 /* libstatus-page-shared.a in Frameworks */ = {isa = PBXBuildFile; fileRef = 8404B7B022D326B100093992 /* libstatus-page-shared.a */; };
		8404B7DB22D327B700093992 /* libstatus-page-shared.a in Frameworks */ = {isa = PBXBuildFile; fileRef = 8404B7B022D326B100093992 /* libstatus-page-shared.a */; };
		843E501622D370420053498B /* VeloIconItem.swift in Sources */ = {isa = PBXBuildFile; fileRef = 843E501522D370420053498B /* VeloIconItem.swift */; };
		843E501822D371FB0053498B /* VeloOverview.swift in Sources */ = {isa = PBXBuildFile; fileRef = 843E501722D371FB0053498B /* VeloOverview.swift */; };
		843E501B22D37B240053498B /* CareItem.swift in Sources */ = {isa = PBXBuildFile; fileRef = 843E501A22D37B240053498B /* CareItem.swift */; };
		843E501D22D37B320053498B /* CareHeader.swift in Sources */ = {isa = PBXBuildFile; fileRef = 843E501C22D37B320053498B /* CareHeader.swift */; };
		843E501F22D37B770053498B /* ProfileHeader.swift in Sources */ = {isa = PBXBuildFile; fileRef = 843E501E22D37B770053498B /* ProfileHeader.swift */; };
		843E502122D37D590053498B /* HeaderLabel.swift in Sources */ = {isa = PBXBuildFile; fileRef = 843E502022D37D590053498B /* HeaderLabel.swift */; };
		843E502222D37E740053498B /* OpenSans-SemiBold.ttf in Resources */ = {isa = PBXBuildFile; fileRef = 845BA10F22D32C350098E8FE /* OpenSans-SemiBold.ttf */; };
		843E502322D37E740053498B /* OpenSans-SemiBold.ttf in Resources */ = {isa = PBXBuildFile; fileRef = 845BA10F22D32C350098E8FE /* OpenSans-SemiBold.ttf */; };
		843E502422D37E770053498B /* HKNova-RegularR.ttf in Resources */ = {isa = PBXBuildFile; fileRef = 845BA11022D32C350098E8FE /* HKNova-RegularR.ttf */; };
		843E502522D37E780053498B /* HKNova-RegularR.ttf in Resources */ = {isa = PBXBuildFile; fileRef = 845BA11022D32C350098E8FE /* HKNova-RegularR.ttf */; };
		843E502622D37E7D0053498B /* HKNova-HeavyR.ttf in Resources */ = {isa = PBXBuildFile; fileRef = 845BA11122D32C350098E8FE /* HKNova-HeavyR.ttf */; };
		843E502722D37E7E0053498B /* HKNova-HeavyR.ttf in Resources */ = {isa = PBXBuildFile; fileRef = 845BA11122D32C350098E8FE /* HKNova-HeavyR.ttf */; };
		843E502822D37E810053498B /* HKNova-ExtraBoldR.ttf in Resources */ = {isa = PBXBuildFile; fileRef = 845BA11222D32C350098E8FE /* HKNova-ExtraBoldR.ttf */; };
		843E502922D37E810053498B /* HKNova-ExtraBoldR.ttf in Resources */ = {isa = PBXBuildFile; fileRef = 845BA11222D32C350098E8FE /* HKNova-ExtraBoldR.ttf */; };
		843E502A22D37E850053498B /* HKNova-SemiBoldR.ttf in Resources */ = {isa = PBXBuildFile; fileRef = 845BA11322D32C350098E8FE /* HKNova-SemiBoldR.ttf */; };
		843E502B22D37E850053498B /* HKNova-SemiBoldR.ttf in Resources */ = {isa = PBXBuildFile; fileRef = 845BA11322D32C350098E8FE /* HKNova-SemiBoldR.ttf */; };
		843E502C22D37E8A0053498B /* HKNova-LightR.ttf in Resources */ = {isa = PBXBuildFile; fileRef = 845BA11422D32C350098E8FE /* HKNova-LightR.ttf */; };
		843E502D22D37E8A0053498B /* OpenSans-Light.ttf in Resources */ = {isa = PBXBuildFile; fileRef = 845BA11522D32C350098E8FE /* OpenSans-Light.ttf */; };
		843E502E22D37E8A0053498B /* OpenSans-Italic.ttf in Resources */ = {isa = PBXBuildFile; fileRef = 845BA11622D32C350098E8FE /* OpenSans-Italic.ttf */; };
		843E502F22D37E8A0053498B /* HKNova-BoldR.ttf in Resources */ = {isa = PBXBuildFile; fileRef = 845BA11722D32C350098E8FE /* HKNova-BoldR.ttf */; };
		843E503022D37E8A0053498B /* OpenSans-ExtraBold.ttf in Resources */ = {isa = PBXBuildFile; fileRef = 845BA11822D32C350098E8FE /* OpenSans-ExtraBold.ttf */; };
		843E503122D37E8A0053498B /* HKNova-ExtraLightR.ttf in Resources */ = {isa = PBXBuildFile; fileRef = 845BA11922D32C350098E8FE /* HKNova-ExtraLightR.ttf */; };
		843E503222D37E8A0053498B /* OpenSans-LightItalic.ttf in Resources */ = {isa = PBXBuildFile; fileRef = 845BA11A22D32C350098E8FE /* OpenSans-LightItalic.ttf */; };
		843E503322D37E8A0053498B /* OpenSans-Bold.ttf in Resources */ = {isa = PBXBuildFile; fileRef = 845BA11B22D32C350098E8FE /* OpenSans-Bold.ttf */; };
		843E503422D37E8A0053498B /* OpenSans-SemiBoldItalic.ttf in Resources */ = {isa = PBXBuildFile; fileRef = 845BA11C22D32C350098E8FE /* OpenSans-SemiBoldItalic.ttf */; };
		843E503522D37E8A0053498B /* HKNova-ThinR.ttf in Resources */ = {isa = PBXBuildFile; fileRef = 845BA11D22D32C350098E8FE /* HKNova-ThinR.ttf */; };
		843E503622D37E8A0053498B /* HKNova-MediumR.ttf in Resources */ = {isa = PBXBuildFile; fileRef = 845BA11E22D32C350098E8FE /* HKNova-MediumR.ttf */; };
		843E503722D37E8A0053498B /* OpenSans-ExtraBoldItalic.ttf in Resources */ = {isa = PBXBuildFile; fileRef = 845BA11F22D32C350098E8FE /* OpenSans-ExtraBoldItalic.ttf */; };
		843E503822D37E8A0053498B /* OpenSans-Regular.ttf in Resources */ = {isa = PBXBuildFile; fileRef = 845BA12022D32C350098E8FE /* OpenSans-Regular.ttf */; };
		843E503922D37E8A0053498B /* OpenSans-BoldItalic.ttf in Resources */ = {isa = PBXBuildFile; fileRef = 845BA12122D32C350098E8FE /* OpenSans-BoldItalic.ttf */; };
		843E503A22D37E8A0053498B /* HKNova-LightR.ttf in Resources */ = {isa = PBXBuildFile; fileRef = 845BA11422D32C350098E8FE /* HKNova-LightR.ttf */; };
		843E503B22D37E8A0053498B /* OpenSans-Light.ttf in Resources */ = {isa = PBXBuildFile; fileRef = 845BA11522D32C350098E8FE /* OpenSans-Light.ttf */; };
		843E503C22D37E8A0053498B /* OpenSans-Italic.ttf in Resources */ = {isa = PBXBuildFile; fileRef = 845BA11622D32C350098E8FE /* OpenSans-Italic.ttf */; };
		843E503D22D37E8A0053498B /* HKNova-BoldR.ttf in Resources */ = {isa = PBXBuildFile; fileRef = 845BA11722D32C350098E8FE /* HKNova-BoldR.ttf */; };
		843E503E22D37E8A0053498B /* OpenSans-ExtraBold.ttf in Resources */ = {isa = PBXBuildFile; fileRef = 845BA11822D32C350098E8FE /* OpenSans-ExtraBold.ttf */; };
		843E503F22D37E8A0053498B /* HKNova-ExtraLightR.ttf in Resources */ = {isa = PBXBuildFile; fileRef = 845BA11922D32C350098E8FE /* HKNova-ExtraLightR.ttf */; };
		843E504022D37E8A0053498B /* OpenSans-LightItalic.ttf in Resources */ = {isa = PBXBuildFile; fileRef = 845BA11A22D32C350098E8FE /* OpenSans-LightItalic.ttf */; };
		843E504122D37E8A0053498B /* OpenSans-Bold.ttf in Resources */ = {isa = PBXBuildFile; fileRef = 845BA11B22D32C350098E8FE /* OpenSans-Bold.ttf */; };
		843E504222D37E8A0053498B /* OpenSans-SemiBoldItalic.ttf in Resources */ = {isa = PBXBuildFile; fileRef = 845BA11C22D32C350098E8FE /* OpenSans-SemiBoldItalic.ttf */; };
		843E504322D37E8A0053498B /* HKNova-ThinR.ttf in Resources */ = {isa = PBXBuildFile; fileRef = 845BA11D22D32C350098E8FE /* HKNova-ThinR.ttf */; };
		843E504422D37E8A0053498B /* HKNova-MediumR.ttf in Resources */ = {isa = PBXBuildFile; fileRef = 845BA11E22D32C350098E8FE /* HKNova-MediumR.ttf */; };
		843E504522D37E8A0053498B /* OpenSans-ExtraBoldItalic.ttf in Resources */ = {isa = PBXBuildFile; fileRef = 845BA11F22D32C350098E8FE /* OpenSans-ExtraBoldItalic.ttf */; };
		843E504622D37E8A0053498B /* OpenSans-Regular.ttf in Resources */ = {isa = PBXBuildFile; fileRef = 845BA12022D32C350098E8FE /* OpenSans-Regular.ttf */; };
		843E504722D37E8A0053498B /* OpenSans-BoldItalic.ttf in Resources */ = {isa = PBXBuildFile; fileRef = 845BA12122D32C350098E8FE /* OpenSans-BoldItalic.ttf */; };
		843E504922D37ED10053498B /* OpenSansLabel.swift in Sources */ = {isa = PBXBuildFile; fileRef = 843E504822D37ED10053498B /* OpenSansLabel.swift */; };
		843E504B22D3883C0053498B /* CareSubject.swift in Sources */ = {isa = PBXBuildFile; fileRef = 843E504A22D3883C0053498B /* CareSubject.swift */; };
		843E504D22D38B840053498B /* CareItemStatus.swift in Sources */ = {isa = PBXBuildFile; fileRef = 843E504C22D38B840053498B /* CareItemStatus.swift */; };
		845BA10822D329800098E8FE /* Login.swift in Sources */ = {isa = PBXBuildFile; fileRef = 845BA10722D329800098E8FE /* Login.swift */; };
		845BA10D22D32B9F0098E8FE /* Assets.xcassets in Resources */ = {isa = PBXBuildFile; fileRef = 845BA10C22D32B9F0098E8FE /* Assets.xcassets */; };
		845BA12222D32CDB0098E8FE /* Assets.xcassets in Resources */ = {isa = PBXBuildFile; fileRef = 845BA10922D32AD50098E8FE /* Assets.xcassets */; };
		845BA12322D32CDC0098E8FE /* Assets.xcassets in Resources */ = {isa = PBXBuildFile; fileRef = 845BA10922D32AD50098E8FE /* Assets.xcassets */; };
		845BA15222D32D830098E8FE /* CareAgentRequest.swift in Sources */ = {isa = PBXBuildFile; fileRef = 845BA12922D32D830098E8FE /* CareAgentRequest.swift */; };
		845BA15322D32D830098E8FE /* CareRequest.swift in Sources */ = {isa = PBXBuildFile; fileRef = 845BA12A22D32D830098E8FE /* CareRequest.swift */; };
		845BA15422D32D830098E8FE /* StatusRequest.swift in Sources */ = {isa = PBXBuildFile; fileRef = 845BA12C22D32D830098E8FE /* StatusRequest.swift */; };
		845BA15522D32D830098E8FE /* AnniversaryRequest.swift in Sources */ = {isa = PBXBuildFile; fileRef = 845BA12E22D32D830098E8FE /* AnniversaryRequest.swift */; };
		845BA15622D32D830098E8FE /* BirthdayRequest.swift in Sources */ = {isa = PBXBuildFile; fileRef = 845BA12F22D32D830098E8FE /* BirthdayRequest.swift */; };
		845BA15722D32D830098E8FE /* LatestHireRequest.swift in Sources */ = {isa = PBXBuildFile; fileRef = 845BA13022D32D830098E8FE /* LatestHireRequest.swift */; };
		845BA15822D32D830098E8FE /* VeloRequest.swift in Sources */ = {isa = PBXBuildFile; fileRef = 845BA13222D32D830098E8FE /* VeloRequest.swift */; };
		845BA15922D32D830098E8FE /* JenkinsBuildsRequest.swift in Sources */ = {isa = PBXBuildFile; fileRef = 845BA13422D32D830098E8FE /* JenkinsBuildsRequest.swift */; };
		845BA15A22D32D830098E8FE /* EventsRequest.swift in Sources */ = {isa = PBXBuildFile; fileRef = 845BA13622D32D830098E8FE /* EventsRequest.swift */; };
		845BA15B22D32D830098E8FE /* SocketConfiguration.swift in Sources */ = {isa = PBXBuildFile; fileRef = 845BA13822D32D830098E8FE /* SocketConfiguration.swift */; };
		845BA15C22D32D830098E8FE /* ServiceStatus.swift in Sources */ = {isa = PBXBuildFile; fileRef = 845BA13922D32D830098E8FE /* ServiceStatus.swift */; };
		845BA15D22D32D830098E8FE /* Socket.swift in Sources */ = {isa = PBXBuildFile; fileRef = 845BA13A22D32D830098E8FE /* Socket.swift */; };
		845BA15E22D32D830098E8FE /* CareTicket.swift in Sources */ = {isa = PBXBuildFile; fileRef = 845BA13D22D32D830098E8FE /* CareTicket.swift */; };
		845BA15F22D32D830098E8FE /* CareAgent.swift in Sources */ = {isa = PBXBuildFile; fileRef = 845BA13E22D32D830098E8FE /* CareAgent.swift */; };
		845BA16022D32D830098E8FE /* BambooBirthdayResponse.swift in Sources */ = {isa = PBXBuildFile; fileRef = 845BA14022D32D830098E8FE /* BambooBirthdayResponse.swift */; };
		845BA16122D32D830098E8FE /* BambooResponse.swift in Sources */ = {isa = PBXBuildFile; fileRef = 845BA14122D32D830098E8FE /* BambooResponse.swift */; };
		845BA16222D32D830098E8FE /* Profile.swift in Sources */ = {isa = PBXBuildFile; fileRef = 845BA14322D32D830098E8FE /* Profile.swift */; };
		845BA16322D32D830098E8FE /* VeloItem.swift in Sources */ = {isa = PBXBuildFile; fileRef = 845BA14522D32D830098E8FE /* VeloItem.swift */; };
		845BA16422D32D830098E8FE /* Status.swift in Sources */ = {isa = PBXBuildFile; fileRef = 845BA14622D32D830098E8FE /* Status.swift */; };
		845BA16522D32D830098E8FE /* JenkinsBuild.swift in Sources */ = {isa = PBXBuildFile; fileRef = 845BA14822D32D830098E8FE /* JenkinsBuild.swift */; };
		845BA16622D32D830098E8FE /* EventsResponse.swift in Sources */ = {isa = PBXBuildFile; fileRef = 845BA14A22D32D830098E8FE /* EventsResponse.swift */; };
		845BA16722D32D830098E8FE /* Service.swift in Sources */ = {isa = PBXBuildFile; fileRef = 845BA14C22D32D830098E8FE /* Service.swift */; };
		845BA16822D32D830098E8FE /* SSLClientCertificate.swift in Sources */ = {isa = PBXBuildFile; fileRef = 845BA14E22D32D830098E8FE /* SSLClientCertificate.swift */; };
		845BA16922D32D830098E8FE /* Compression.swift in Sources */ = {isa = PBXBuildFile; fileRef = 845BA14F22D32D830098E8FE /* Compression.swift */; };
		845BA16A22D32D830098E8FE /* SSLSecurity.swift in Sources */ = {isa = PBXBuildFile; fileRef = 845BA15022D32D830098E8FE /* SSLSecurity.swift */; };
		845BA16B22D32D830098E8FE /* WebSocket.swift in Sources */ = {isa = PBXBuildFile; fileRef = 845BA15122D32D830098E8FE /* WebSocket.swift */; };
		845BA16F22D32FB50098E8FE /* ServeView.swift in Sources */ = {isa = PBXBuildFile; fileRef = 845BA16E22D32FB50098E8FE /* ServeView.swift */; };
		845BA17122D331960098E8FE /* ServeOverview.swift in Sources */ = {isa = PBXBuildFile; fileRef = 845BA17022D331960098E8FE /* ServeOverview.swift */; };
		845BA17322D332490098E8FE /* Cara in Frameworks */ = {isa = PBXBuildFile; productRef = 845BA17222D332490098E8FE /* Cara */; };
		845BA17622D341DA0098E8FE /* ServiceStore.swift in Sources */ = {isa = PBXBuildFile; fileRef = 845BA17522D341DA0098E8FE /* ServiceStore.swift */; };
		845BA17822D3460C0098E8FE /* ActionButton.swift in Sources */ = {isa = PBXBuildFile; fileRef = 845BA17722D3460C0098E8FE /* ActionButton.swift */; };
		845BA17A22D346110098E8FE /* GeneralLabel.swift in Sources */ = {isa = PBXBuildFile; fileRef = 845BA17922D346110098E8FE /* GeneralLabel.swift */; };
		8481AC5B22D34EF20070B45B /* SceneDelegate.swift in Sources */ = {isa = PBXBuildFile; fileRef = 8481AC5A22D34EF20070B45B /* SceneDelegate.swift */; };
		8481AC5D22D364DA0070B45B /* StatusSocketService.swift in Sources */ = {isa = PBXBuildFile; fileRef = 8481AC5C22D364DA0070B45B /* StatusSocketService.swift */; };
		8481AC6022D365A50070B45B /* DecodeImage.swift in Sources */ = {isa = PBXBuildFile; fileRef = 8481AC5F22D365A50070B45B /* DecodeImage.swift */; };
		8481AC6422D36BBC0070B45B /* Velos.swift in Sources */ = {isa = PBXBuildFile; fileRef = 8481AC6322D36BBC0070B45B /* Velos.swift */; };
		8481AC6622D36C670070B45B /* VeloRowItem.swift in Sources */ = {isa = PBXBuildFile; fileRef = 8481AC6522D36C670070B45B /* VeloRowItem.swift */; };
/* End PBXBuildFile section */

/* Begin PBXContainerItemProxy section */
		1BCF484F22C3707200DF07F2 /* PBXContainerItemProxy */ = {
			isa = PBXContainerItemProxy;
			containerPortal = 1BCF483022C3707000DF07F2 /* Project object */;
			proxyType = 1;
			remoteGlobalIDString = 1BCF483722C3707000DF07F2;
			remoteInfo = "status-page";
		};
		1BCF485A22C3707200DF07F2 /* PBXContainerItemProxy */ = {
			isa = PBXContainerItemProxy;
			containerPortal = 1BCF483022C3707000DF07F2 /* Project object */;
			proxyType = 1;
			remoteGlobalIDString = 1BCF483722C3707000DF07F2;
			remoteInfo = "status-page";
		};
		8404B7D922D327A700093992 /* PBXContainerItemProxy */ = {
			isa = PBXContainerItemProxy;
			containerPortal = 1BCF483022C3707000DF07F2 /* Project object */;
			proxyType = 1;
			remoteGlobalIDString = 8404B7AF22D326B100093992;
			remoteInfo = "status-page-shared";
		};
		8404B7DC22D327B700093992 /* PBXContainerItemProxy */ = {
			isa = PBXContainerItemProxy;
			containerPortal = 1BCF483022C3707000DF07F2 /* Project object */;
			proxyType = 1;
			remoteGlobalIDString = 8404B7AF22D326B100093992;
			remoteInfo = "status-page-shared";
		};
/* End PBXContainerItemProxy section */

/* Begin PBXCopyFilesBuildPhase section */
		8404B7AE22D326B100093992 /* CopyFiles */ = {
			isa = PBXCopyFilesBuildPhase;
			buildActionMask = 2147483647;
			dstPath = "include/$(PRODUCT_NAME)";
			dstSubfolderSpec = 16;
			files = (
			);
			runOnlyForDeploymentPostprocessing = 0;
		};
/* End PBXCopyFilesBuildPhase section */

/* Begin PBXFileReference section */
		1BCF483822C3707000DF07F2 /* status-page.app */ = {isa = PBXFileReference; explicitFileType = wrapper.application; includeInIndex = 0; path = "status-page.app"; sourceTree = BUILT_PRODUCTS_DIR; };
		1BCF483B22C3707000DF07F2 /* AppDelegate.swift */ = {isa = PBXFileReference; lastKnownFileType = sourcecode.swift; path = AppDelegate.swift; sourceTree = "<group>"; };
		1BCF483D22C3707000DF07F2 /* SceneDelegate.swift */ = {isa = PBXFileReference; lastKnownFileType = sourcecode.swift; path = SceneDelegate.swift; sourceTree = "<group>"; };
		1BCF484422C3707200DF07F2 /* Preview Assets.xcassets */ = {isa = PBXFileReference; lastKnownFileType = folder.assetcatalog; path = "Preview Assets.xcassets"; sourceTree = "<group>"; };
		1BCF484722C3707200DF07F2 /* Base */ = {isa = PBXFileReference; lastKnownFileType = file.storyboard; name = Base; path = Base.lproj/LaunchScreen.storyboard; sourceTree = "<group>"; };
		1BCF484922C3707200DF07F2 /* Info.plist */ = {isa = PBXFileReference; lastKnownFileType = text.plist.xml; path = Info.plist; sourceTree = "<group>"; };
		1BCF484E22C3707200DF07F2 /* status-pageTests.xctest */ = {isa = PBXFileReference; explicitFileType = wrapper.cfbundle; includeInIndex = 0; path = "status-pageTests.xctest"; sourceTree = BUILT_PRODUCTS_DIR; };
		1BCF485222C3707200DF07F2 /* status_pageTests.swift */ = {isa = PBXFileReference; lastKnownFileType = sourcecode.swift; path = status_pageTests.swift; sourceTree = "<group>"; };
		1BCF485422C3707200DF07F2 /* Info.plist */ = {isa = PBXFileReference; lastKnownFileType = text.plist.xml; path = Info.plist; sourceTree = "<group>"; };
		1BCF485922C3707200DF07F2 /* status-pageUITests.xctest */ = {isa = PBXFileReference; explicitFileType = wrapper.cfbundle; includeInIndex = 0; path = "status-pageUITests.xctest"; sourceTree = BUILT_PRODUCTS_DIR; };
		1BCF485D22C3707200DF07F2 /* status_pageUITests.swift */ = {isa = PBXFileReference; lastKnownFileType = sourcecode.swift; path = status_pageUITests.swift; sourceTree = "<group>"; };
		1BCF485F22C3707200DF07F2 /* Info.plist */ = {isa = PBXFileReference; lastKnownFileType = text.plist.xml; path = Info.plist; sourceTree = "<group>"; };
		1BCF48BD22C3720700DF07F2 /* StartView.swift */ = {isa = PBXFileReference; lastKnownFileType = sourcecode.swift; path = StartView.swift; sourceTree = "<group>"; };
		1BCF48C022C388A400DF07F2 /* LoginView.swift */ = {isa = PBXFileReference; lastKnownFileType = sourcecode.swift; path = LoginView.swift; sourceTree = "<group>"; };
		8404B79D22D325FE00093992 /* tvos-status-page.app */ = {isa = PBXFileReference; explicitFileType = wrapper.application; includeInIndex = 0; path = "tvos-status-page.app"; sourceTree = BUILT_PRODUCTS_DIR; };
		8404B79F22D325FE00093992 /* AppDelegate.swift */ = {isa = PBXFileReference; lastKnownFileType = sourcecode.swift; path = AppDelegate.swift; sourceTree = "<group>"; };
		8404B7A322D3260000093992 /* Assets.xcassets */ = {isa = PBXFileReference; lastKnownFileType = folder.assetcatalog; path = Assets.xcassets; sourceTree = "<group>"; };
		8404B7A622D3260000093992 /* Preview Assets.xcassets */ = {isa = PBXFileReference; lastKnownFileType = folder.assetcatalog; path = "Preview Assets.xcassets"; sourceTree = "<group>"; };
		8404B7A822D3260000093992 /* Info.plist */ = {isa = PBXFileReference; lastKnownFileType = text.plist.xml; path = Info.plist; sourceTree = "<group>"; };
		8404B7B022D326B100093992 /* libstatus-page-shared.a */ = {isa = PBXFileReference; explicitFileType = archive.ar; includeInIndex = 0; path = "libstatus-page-shared.a"; sourceTree = BUILT_PRODUCTS_DIR; };
		8404B7B222D326B100093992 /* status_page_shared.swift */ = {isa = PBXFileReference; lastKnownFileType = sourcecode.swift; path = status_page_shared.swift; sourceTree = "<group>"; };
		8404B7D022D3279800093992 /* Palette.swift */ = {isa = PBXFileReference; fileEncoding = 4; lastKnownFileType = sourcecode.swift; path = Palette.swift; sourceTree = "<group>"; };
		8404B7D122D3279800093992 /* FontBook.swift */ = {isa = PBXFileReference; fileEncoding = 4; lastKnownFileType = sourcecode.swift; path = FontBook.swift; sourceTree = "<group>"; };
		843E501522D370420053498B /* VeloIconItem.swift */ = {isa = PBXFileReference; lastKnownFileType = sourcecode.swift; path = VeloIconItem.swift; sourceTree = "<group>"; };
		843E501722D371FB0053498B /* VeloOverview.swift */ = {isa = PBXFileReference; lastKnownFileType = sourcecode.swift; path = VeloOverview.swift; sourceTree = "<group>"; };
		843E501A22D37B240053498B /* CareItem.swift */ = {isa = PBXFileReference; lastKnownFileType = sourcecode.swift; path = CareItem.swift; sourceTree = "<group>"; };
		843E501C22D37B320053498B /* CareHeader.swift */ = {isa = PBXFileReference; lastKnownFileType = sourcecode.swift; path = CareHeader.swift; sourceTree = "<group>"; };
		843E501E22D37B770053498B /* ProfileHeader.swift */ = {isa = PBXFileReference; lastKnownFileType = sourcecode.swift; path = ProfileHeader.swift; sourceTree = "<group>"; };
		843E502022D37D590053498B /* HeaderLabel.swift */ = {isa = PBXFileReference; lastKnownFileType = sourcecode.swift; path = HeaderLabel.swift; sourceTree = "<group>"; };
		843E504822D37ED10053498B /* OpenSansLabel.swift */ = {isa = PBXFileReference; lastKnownFileType = sourcecode.swift; path = OpenSansLabel.swift; sourceTree = "<group>"; };
		843E504A22D3883C0053498B /* CareSubject.swift */ = {isa = PBXFileReference; lastKnownFileType = sourcecode.swift; path = CareSubject.swift; sourceTree = "<group>"; };
		843E504C22D38B840053498B /* CareItemStatus.swift */ = {isa = PBXFileReference; lastKnownFileType = sourcecode.swift; path = CareItemStatus.swift; sourceTree = "<group>"; };
		845BA10722D329800098E8FE /* Login.swift */ = {isa = PBXFileReference; lastKnownFileType = sourcecode.swift; path = Login.swift; sourceTree = "<group>"; };
		845BA10922D32AD50098E8FE /* Assets.xcassets */ = {isa = PBXFileReference; lastKnownFileType = folder.assetcatalog; path = Assets.xcassets; sourceTree = "<group>"; };
		845BA10C22D32B9F0098E8FE /* Assets.xcassets */ = {isa = PBXFileReference; lastKnownFileType = folder.assetcatalog; path = Assets.xcassets; sourceTree = "<group>"; };
		845BA10F22D32C350098E8FE /* OpenSans-SemiBold.ttf */ = {isa = PBXFileReference; lastKnownFileType = file; path = "OpenSans-SemiBold.ttf"; sourceTree = "<group>"; };
		845BA11022D32C350098E8FE /* HKNova-RegularR.ttf */ = {isa = PBXFileReference; lastKnownFileType = file; path = "HKNova-RegularR.ttf"; sourceTree = "<group>"; };
		845BA11122D32C350098E8FE /* HKNova-HeavyR.ttf */ = {isa = PBXFileReference; lastKnownFileType = file; path = "HKNova-HeavyR.ttf"; sourceTree = "<group>"; };
		845BA11222D32C350098E8FE /* HKNova-ExtraBoldR.ttf */ = {isa = PBXFileReference; lastKnownFileType = file; path = "HKNova-ExtraBoldR.ttf"; sourceTree = "<group>"; };
		845BA11322D32C350098E8FE /* HKNova-SemiBoldR.ttf */ = {isa = PBXFileReference; lastKnownFileType = file; path = "HKNova-SemiBoldR.ttf"; sourceTree = "<group>"; };
		845BA11422D32C350098E8FE /* HKNova-LightR.ttf */ = {isa = PBXFileReference; lastKnownFileType = file; path = "HKNova-LightR.ttf"; sourceTree = "<group>"; };
		845BA11522D32C350098E8FE /* OpenSans-Light.ttf */ = {isa = PBXFileReference; lastKnownFileType = file; path = "OpenSans-Light.ttf"; sourceTree = "<group>"; };
		845BA11622D32C350098E8FE /* OpenSans-Italic.ttf */ = {isa = PBXFileReference; lastKnownFileType = file; path = "OpenSans-Italic.ttf"; sourceTree = "<group>"; };
		845BA11722D32C350098E8FE /* HKNova-BoldR.ttf */ = {isa = PBXFileReference; lastKnownFileType = file; path = "HKNova-BoldR.ttf"; sourceTree = "<group>"; };
		845BA11822D32C350098E8FE /* OpenSans-ExtraBold.ttf */ = {isa = PBXFileReference; lastKnownFileType = file; path = "OpenSans-ExtraBold.ttf"; sourceTree = "<group>"; };
		845BA11922D32C350098E8FE /* HKNova-ExtraLightR.ttf */ = {isa = PBXFileReference; lastKnownFileType = file; path = "HKNova-ExtraLightR.ttf"; sourceTree = "<group>"; };
		845BA11A22D32C350098E8FE /* OpenSans-LightItalic.ttf */ = {isa = PBXFileReference; lastKnownFileType = file; path = "OpenSans-LightItalic.ttf"; sourceTree = "<group>"; };
		845BA11B22D32C350098E8FE /* OpenSans-Bold.ttf */ = {isa = PBXFileReference; lastKnownFileType = file; path = "OpenSans-Bold.ttf"; sourceTree = "<group>"; };
		845BA11C22D32C350098E8FE /* OpenSans-SemiBoldItalic.ttf */ = {isa = PBXFileReference; lastKnownFileType = file; path = "OpenSans-SemiBoldItalic.ttf"; sourceTree = "<group>"; };
		845BA11D22D32C350098E8FE /* HKNova-ThinR.ttf */ = {isa = PBXFileReference; lastKnownFileType = file; path = "HKNova-ThinR.ttf"; sourceTree = "<group>"; };
		845BA11E22D32C350098E8FE /* HKNova-MediumR.ttf */ = {isa = PBXFileReference; lastKnownFileType = file; path = "HKNova-MediumR.ttf"; sourceTree = "<group>"; };
		845BA11F22D32C350098E8FE /* OpenSans-ExtraBoldItalic.ttf */ = {isa = PBXFileReference; lastKnownFileType = file; path = "OpenSans-ExtraBoldItalic.ttf"; sourceTree = "<group>"; };
		845BA12022D32C350098E8FE /* OpenSans-Regular.ttf */ = {isa = PBXFileReference; lastKnownFileType = file; path = "OpenSans-Regular.ttf"; sourceTree = "<group>"; };
		845BA12122D32C350098E8FE /* OpenSans-BoldItalic.ttf */ = {isa = PBXFileReference; lastKnownFileType = file; path = "OpenSans-BoldItalic.ttf"; sourceTree = "<group>"; };
		845BA12922D32D830098E8FE /* CareAgentRequest.swift */ = {isa = PBXFileReference; fileEncoding = 4; lastKnownFileType = sourcecode.swift; path = CareAgentRequest.swift; sourceTree = "<group>"; };
		845BA12A22D32D830098E8FE /* CareRequest.swift */ = {isa = PBXFileReference; fileEncoding = 4; lastKnownFileType = sourcecode.swift; path = CareRequest.swift; sourceTree = "<group>"; };
		845BA12C22D32D830098E8FE /* StatusRequest.swift */ = {isa = PBXFileReference; fileEncoding = 4; lastKnownFileType = sourcecode.swift; path = StatusRequest.swift; sourceTree = "<group>"; };
		845BA12E22D32D830098E8FE /* AnniversaryRequest.swift */ = {isa = PBXFileReference; fileEncoding = 4; lastKnownFileType = sourcecode.swift; path = AnniversaryRequest.swift; sourceTree = "<group>"; };
		845BA12F22D32D830098E8FE /* BirthdayRequest.swift */ = {isa = PBXFileReference; fileEncoding = 4; lastKnownFileType = sourcecode.swift; path = BirthdayRequest.swift; sourceTree = "<group>"; };
		845BA13022D32D830098E8FE /* LatestHireRequest.swift */ = {isa = PBXFileReference; fileEncoding = 4; lastKnownFileType = sourcecode.swift; path = LatestHireRequest.swift; sourceTree = "<group>"; };
		845BA13222D32D830098E8FE /* VeloRequest.swift */ = {isa = PBXFileReference; fileEncoding = 4; lastKnownFileType = sourcecode.swift; path = VeloRequest.swift; sourceTree = "<group>"; };
		845BA13422D32D830098E8FE /* JenkinsBuildsRequest.swift */ = {isa = PBXFileReference; fileEncoding = 4; lastKnownFileType = sourcecode.swift; path = JenkinsBuildsRequest.swift; sourceTree = "<group>"; };
		845BA13622D32D830098E8FE /* EventsRequest.swift */ = {isa = PBXFileReference; fileEncoding = 4; lastKnownFileType = sourcecode.swift; path = EventsRequest.swift; sourceTree = "<group>"; };
		845BA13822D32D830098E8FE /* SocketConfiguration.swift */ = {isa = PBXFileReference; fileEncoding = 4; lastKnownFileType = sourcecode.swift; path = SocketConfiguration.swift; sourceTree = "<group>"; };
		845BA13922D32D830098E8FE /* ServiceStatus.swift */ = {isa = PBXFileReference; fileEncoding = 4; lastKnownFileType = sourcecode.swift; path = ServiceStatus.swift; sourceTree = "<group>"; };
		845BA13A22D32D830098E8FE /* Socket.swift */ = {isa = PBXFileReference; fileEncoding = 4; lastKnownFileType = sourcecode.swift; path = Socket.swift; sourceTree = "<group>"; };
		845BA13D22D32D830098E8FE /* CareTicket.swift */ = {isa = PBXFileReference; fileEncoding = 4; lastKnownFileType = sourcecode.swift; path = CareTicket.swift; sourceTree = "<group>"; };
		845BA13E22D32D830098E8FE /* CareAgent.swift */ = {isa = PBXFileReference; fileEncoding = 4; lastKnownFileType = sourcecode.swift; path = CareAgent.swift; sourceTree = "<group>"; };
		845BA14022D32D830098E8FE /* BambooBirthdayResponse.swift */ = {isa = PBXFileReference; fileEncoding = 4; lastKnownFileType = sourcecode.swift; path = BambooBirthdayResponse.swift; sourceTree = "<group>"; };
		845BA14122D32D830098E8FE /* BambooResponse.swift */ = {isa = PBXFileReference; fileEncoding = 4; lastKnownFileType = sourcecode.swift; path = BambooResponse.swift; sourceTree = "<group>"; };
		845BA14322D32D830098E8FE /* Profile.swift */ = {isa = PBXFileReference; fileEncoding = 4; lastKnownFileType = sourcecode.swift; path = Profile.swift; sourceTree = "<group>"; };
		845BA14522D32D830098E8FE /* VeloItem.swift */ = {isa = PBXFileReference; fileEncoding = 4; lastKnownFileType = sourcecode.swift; path = VeloItem.swift; sourceTree = "<group>"; };
		845BA14622D32D830098E8FE /* Status.swift */ = {isa = PBXFileReference; fileEncoding = 4; lastKnownFileType = sourcecode.swift; path = Status.swift; sourceTree = "<group>"; };
		845BA14822D32D830098E8FE /* JenkinsBuild.swift */ = {isa = PBXFileReference; fileEncoding = 4; lastKnownFileType = sourcecode.swift; path = JenkinsBuild.swift; sourceTree = "<group>"; };
		845BA14A22D32D830098E8FE /* EventsResponse.swift */ = {isa = PBXFileReference; fileEncoding = 4; lastKnownFileType = sourcecode.swift; path = EventsResponse.swift; sourceTree = "<group>"; };
		845BA14C22D32D830098E8FE /* Service.swift */ = {isa = PBXFileReference; fileEncoding = 4; lastKnownFileType = sourcecode.swift; path = Service.swift; sourceTree = "<group>"; };
		845BA14E22D32D830098E8FE /* SSLClientCertificate.swift */ = {isa = PBXFileReference; fileEncoding = 4; lastKnownFileType = sourcecode.swift; path = SSLClientCertificate.swift; sourceTree = "<group>"; };
		845BA14F22D32D830098E8FE /* Compression.swift */ = {isa = PBXFileReference; fileEncoding = 4; lastKnownFileType = sourcecode.swift; path = Compression.swift; sourceTree = "<group>"; };
		845BA15022D32D830098E8FE /* SSLSecurity.swift */ = {isa = PBXFileReference; fileEncoding = 4; lastKnownFileType = sourcecode.swift; path = SSLSecurity.swift; sourceTree = "<group>"; };
		845BA15122D32D830098E8FE /* WebSocket.swift */ = {isa = PBXFileReference; fileEncoding = 4; lastKnownFileType = sourcecode.swift; path = WebSocket.swift; sourceTree = "<group>"; };
		845BA16E22D32FB50098E8FE /* ServeView.swift */ = {isa = PBXFileReference; lastKnownFileType = sourcecode.swift; path = ServeView.swift; sourceTree = "<group>"; };
		845BA17022D331960098E8FE /* ServeOverview.swift */ = {isa = PBXFileReference; lastKnownFileType = sourcecode.swift; path = ServeOverview.swift; sourceTree = "<group>"; };
		845BA17522D341DA0098E8FE /* ServiceStore.swift */ = {isa = PBXFileReference; lastKnownFileType = sourcecode.swift; path = ServiceStore.swift; sourceTree = "<group>"; };
		845BA17722D3460C0098E8FE /* ActionButton.swift */ = {isa = PBXFileReference; fileEncoding = 4; lastKnownFileType = sourcecode.swift; path = ActionButton.swift; sourceTree = "<group>"; };
		845BA17922D346110098E8FE /* GeneralLabel.swift */ = {isa = PBXFileReference; fileEncoding = 4; lastKnownFileType = sourcecode.swift; path = GeneralLabel.swift; sourceTree = "<group>"; };
		8481AC5A22D34EF20070B45B /* SceneDelegate.swift */ = {isa = PBXFileReference; lastKnownFileType = sourcecode.swift; path = SceneDelegate.swift; sourceTree = "<group>"; };
		8481AC5C22D364DA0070B45B /* StatusSocketService.swift */ = {isa = PBXFileReference; lastKnownFileType = sourcecode.swift; path = StatusSocketService.swift; sourceTree = "<group>"; };
		8481AC5F22D365A50070B45B /* DecodeImage.swift */ = {isa = PBXFileReference; lastKnownFileType = sourcecode.swift; path = DecodeImage.swift; sourceTree = "<group>"; };
		8481AC6322D36BBC0070B45B /* Velos.swift */ = {isa = PBXFileReference; lastKnownFileType = sourcecode.swift; path = Velos.swift; sourceTree = "<group>"; };
		8481AC6522D36C670070B45B /* VeloRowItem.swift */ = {isa = PBXFileReference; lastKnownFileType = sourcecode.swift; path = VeloRowItem.swift; sourceTree = "<group>"; };
/* End PBXFileReference section */

/* Begin PBXFrameworksBuildPhase section */
		1BCF483522C3707000DF07F2 /* Frameworks */ = {
			isa = PBXFrameworksBuildPhase;
			buildActionMask = 2147483647;
			files = (
				1BCF48BA22C371A400DF07F2 /* Cara in Frameworks */,
				8404B7DB22D327B700093992 /* libstatus-page-shared.a in Frameworks */,
			);
			runOnlyForDeploymentPostprocessing = 0;
		};
		1BCF484B22C3707200DF07F2 /* Frameworks */ = {
			isa = PBXFrameworksBuildPhase;
			buildActionMask = 2147483647;
			files = (
			);
			runOnlyForDeploymentPostprocessing = 0;
		};
		1BCF485622C3707200DF07F2 /* Frameworks */ = {
			isa = PBXFrameworksBuildPhase;
			buildActionMask = 2147483647;
			files = (
			);
			runOnlyForDeploymentPostprocessing = 0;
		};
		8404B79A22D325FE00093992 /* Frameworks */ = {
			isa = PBXFrameworksBuildPhase;
			buildActionMask = 2147483647;
			files = (
				8404B7D822D327A700093992 /* libstatus-page-shared.a in Frameworks */,
			);
			runOnlyForDeploymentPostprocessing = 0;
		};
		8404B7AD22D326B100093992 /* Frameworks */ = {
			isa = PBXFrameworksBuildPhase;
			buildActionMask = 2147483647;
			files = (
				845BA17322D332490098E8FE /* Cara in Frameworks */,
			);
			runOnlyForDeploymentPostprocessing = 0;
		};
/* End PBXFrameworksBuildPhase section */

/* Begin PBXGroup section */
		1BCF482F22C3707000DF07F2 = {
			isa = PBXGroup;
			children = (
				1BCF483A22C3707000DF07F2 /* status-page */,
				1BCF485122C3707200DF07F2 /* status-pageTests */,
				1BCF485C22C3707200DF07F2 /* status-pageUITests */,
				8404B79E22D325FE00093992 /* tvos-status-page */,
				8404B7B122D326B100093992 /* status-page-shared */,
				1BCF483922C3707000DF07F2 /* Products */,
				8404B7D722D327A700093992 /* Frameworks */,
			);
			sourceTree = "<group>";
		};
		1BCF483922C3707000DF07F2 /* Products */ = {
			isa = PBXGroup;
			children = (
				1BCF483822C3707000DF07F2 /* status-page.app */,
				1BCF484E22C3707200DF07F2 /* status-pageTests.xctest */,
				1BCF485922C3707200DF07F2 /* status-pageUITests.xctest */,
				8404B79D22D325FE00093992 /* tvos-status-page.app */,
				8404B7B022D326B100093992 /* libstatus-page-shared.a */,
			);
			name = Products;
			sourceTree = "<group>";
		};
		1BCF483A22C3707000DF07F2 /* status-page */ = {
			isa = PBXGroup;
			children = (
				1BCF48BC22C371E800DF07F2 /* Modules */,
				1BCF48BB22C371D700DF07F2 /* Supporting Files */,
				1BCF48B722C3715100DF07F2 /* Startup */,
				1BCF484322C3707200DF07F2 /* Preview Content */,
			);
			path = "status-page";
			sourceTree = "<group>";
		};
		1BCF484322C3707200DF07F2 /* Preview Content */ = {
			isa = PBXGroup;
			children = (
				1BCF484422C3707200DF07F2 /* Preview Assets.xcassets */,
			);
			path = "Preview Content";
			sourceTree = "<group>";
		};
		1BCF485122C3707200DF07F2 /* status-pageTests */ = {
			isa = PBXGroup;
			children = (
				1BCF485222C3707200DF07F2 /* status_pageTests.swift */,
				1BCF485422C3707200DF07F2 /* Info.plist */,
			);
			path = "status-pageTests";
			sourceTree = "<group>";
		};
		1BCF485C22C3707200DF07F2 /* status-pageUITests */ = {
			isa = PBXGroup;
			children = (
				1BCF485D22C3707200DF07F2 /* status_pageUITests.swift */,
				1BCF485F22C3707200DF07F2 /* Info.plist */,
			);
			path = "status-pageUITests";
			sourceTree = "<group>";
		};
		1BCF48B722C3715100DF07F2 /* Startup */ = {
			isa = PBXGroup;
			children = (
				1BCF483B22C3707000DF07F2 /* AppDelegate.swift */,
				1BCF483D22C3707000DF07F2 /* SceneDelegate.swift */,
			);
			path = Startup;
			sourceTree = "<group>";
		};
		1BCF48BB22C371D700DF07F2 /* Supporting Files */ = {
			isa = PBXGroup;
			children = (
				845BA10C22D32B9F0098E8FE /* Assets.xcassets */,
				1BCF484622C3707200DF07F2 /* LaunchScreen.storyboard */,
				1BCF484922C3707200DF07F2 /* Info.plist */,
			);
			path = "Supporting Files";
			sourceTree = "<group>";
		};
		1BCF48BC22C371E800DF07F2 /* Modules */ = {
			isa = PBXGroup;
			children = (
				1BCF48BF22C3889700DF07F2 /* Login */,
				1BCF48BD22C3720700DF07F2 /* StartView.swift */,
			);
			path = Modules;
			sourceTree = "<group>";
		};
		1BCF48BF22C3889700DF07F2 /* Login */ = {
			isa = PBXGroup;
			children = (
				1BCF48C022C388A400DF07F2 /* LoginView.swift */,
			);
			path = Login;
			sourceTree = "<group>";
		};
		8404B79E22D325FE00093992 /* tvos-status-page */ = {
			isa = PBXGroup;
			children = (
				845BA10522D329700098E8FE /* Modules */,
				8404B79F22D325FE00093992 /* AppDelegate.swift */,
				8481AC5A22D34EF20070B45B /* SceneDelegate.swift */,
				8404B7A322D3260000093992 /* Assets.xcassets */,
				8404B7A822D3260000093992 /* Info.plist */,
				8404B7A522D3260000093992 /* Preview Content */,
			);
			path = "tvos-status-page";
			sourceTree = "<group>";
		};
		8404B7A522D3260000093992 /* Preview Content */ = {
			isa = PBXGroup;
			children = (
				8404B7A622D3260000093992 /* Preview Assets.xcassets */,
			);
			path = "Preview Content";
			sourceTree = "<group>";
		};
		8404B7B122D326B100093992 /* status-page-shared */ = {
			isa = PBXGroup;
			children = (
				8404B7B222D326B100093992 /* status_page_shared.swift */,
				845BA10922D32AD50098E8FE /* Assets.xcassets */,
				845BA10E22D32C350098E8FE /* Fonts */,
				845BA12622D32D500098E8FE /* Service */,
				8404B7CE22D3279800093992 /* Utils */,
				845BA16C22D32F650098E8FE /* Views */,
			);
			path = "status-page-shared";
			sourceTree = "<group>";
		};
		8404B7CE22D3279800093992 /* Utils */ = {
			isa = PBXGroup;
			children = (
				8404B7D022D3279800093992 /* Palette.swift */,
				8404B7D122D3279800093992 /* FontBook.swift */,
			);
			path = Utils;
			sourceTree = "<group>";
		};
		8404B7D722D327A700093992 /* Frameworks */ = {
			isa = PBXGroup;
			children = (
			);
			name = Frameworks;
			sourceTree = "<group>";
		};
		843E501922D37ABC0053498B /* Care */ = {
			isa = PBXGroup;
			children = (
				843E501A22D37B240053498B /* CareItem.swift */,
				843E501C22D37B320053498B /* CareHeader.swift */,
				843E501E22D37B770053498B /* ProfileHeader.swift */,
				843E504A22D3883C0053498B /* CareSubject.swift */,
				843E504C22D38B840053498B /* CareItemStatus.swift */,
			);
			path = Care;
			sourceTree = "<group>";
		};
		845BA10522D329700098E8FE /* Modules */ = {
			isa = PBXGroup;
			children = (
				8481AC6222D36BA30070B45B /* Velo */,
				845BA10622D329760098E8FE /* Login */,
			);
			path = Modules;
			sourceTree = "<group>";
		};
		845BA10622D329760098E8FE /* Login */ = {
			isa = PBXGroup;
			children = (
				845BA10722D329800098E8FE /* Login.swift */,
			);
			path = Login;
			sourceTree = "<group>";
		};
		845BA10E22D32C350098E8FE /* Fonts */ = {
			isa = PBXGroup;
			children = (
				845BA10F22D32C350098E8FE /* OpenSans-SemiBold.ttf */,
				845BA11022D32C350098E8FE /* HKNova-RegularR.ttf */,
				845BA11122D32C350098E8FE /* HKNova-HeavyR.ttf */,
				845BA11222D32C350098E8FE /* HKNova-ExtraBoldR.ttf */,
				845BA11322D32C350098E8FE /* HKNova-SemiBoldR.ttf */,
				845BA11422D32C350098E8FE /* HKNova-LightR.ttf */,
				845BA11522D32C350098E8FE /* OpenSans-Light.ttf */,
				845BA11622D32C350098E8FE /* OpenSans-Italic.ttf */,
				845BA11722D32C350098E8FE /* HKNova-BoldR.ttf */,
				845BA11822D32C350098E8FE /* OpenSans-ExtraBold.ttf */,
				845BA11922D32C350098E8FE /* HKNova-ExtraLightR.ttf */,
				845BA11A22D32C350098E8FE /* OpenSans-LightItalic.ttf */,
				845BA11B22D32C350098E8FE /* OpenSans-Bold.ttf */,
				845BA11C22D32C350098E8FE /* OpenSans-SemiBoldItalic.ttf */,
				845BA11D22D32C350098E8FE /* HKNova-ThinR.ttf */,
				845BA11E22D32C350098E8FE /* HKNova-MediumR.ttf */,
				845BA11F22D32C350098E8FE /* OpenSans-ExtraBoldItalic.ttf */,
				845BA12022D32C350098E8FE /* OpenSans-Regular.ttf */,
				845BA12122D32C350098E8FE /* OpenSans-BoldItalic.ttf */,
			);
			path = Fonts;
			sourceTree = "<group>";
		};
		845BA12422D32D3E0098E8FE /* Labels */ = {
			isa = PBXGroup;
			children = (
				845BA17922D346110098E8FE /* GeneralLabel.swift */,
				843E502022D37D590053498B /* HeaderLabel.swift */,
				843E504822D37ED10053498B /* OpenSansLabel.swift */,
			);
			path = Labels;
			sourceTree = "<group>";
		};
		845BA12522D32D450098E8FE /* Buttons */ = {
			isa = PBXGroup;
			children = (
				845BA17722D3460C0098E8FE /* ActionButton.swift */,
			);
			path = Buttons;
			sourceTree = "<group>";
		};
		845BA12622D32D500098E8FE /* Service */ = {
			isa = PBXGroup;
			children = (
				845BA17422D341C70098E8FE /* State */,
				845BA13B22D32D830098E8FE /* Models */,
				845BA12722D32D830098E8FE /* Requests */,
				845BA14B22D32D830098E8FE /* Service */,
				845BA13722D32D830098E8FE /* Socket */,
				845BA14D22D32D830098E8FE /* Vendor */,
			);
			path = Service;
			sourceTree = "<group>";
		};
		845BA12722D32D830098E8FE /* Requests */ = {
			isa = PBXGroup;
			children = (
				845BA12822D32D830098E8FE /* Care */,
				845BA12B22D32D830098E8FE /* Status */,
				845BA12D22D32D830098E8FE /* Bamboo */,
				845BA13122D32D830098E8FE /* Velo */,
				845BA13322D32D830098E8FE /* Jenkins */,
				845BA13522D32D830098E8FE /* Events */,
			);
			path = Requests;
			sourceTree = "<group>";
		};
		845BA12822D32D830098E8FE /* Care */ = {
			isa = PBXGroup;
			children = (
				845BA12922D32D830098E8FE /* CareAgentRequest.swift */,
				845BA12A22D32D830098E8FE /* CareRequest.swift */,
			);
			path = Care;
			sourceTree = "<group>";
		};
		845BA12B22D32D830098E8FE /* Status */ = {
			isa = PBXGroup;
			children = (
				845BA12C22D32D830098E8FE /* StatusRequest.swift */,
			);
			path = Status;
			sourceTree = "<group>";
		};
		845BA12D22D32D830098E8FE /* Bamboo */ = {
			isa = PBXGroup;
			children = (
				845BA12E22D32D830098E8FE /* AnniversaryRequest.swift */,
				845BA12F22D32D830098E8FE /* BirthdayRequest.swift */,
				845BA13022D32D830098E8FE /* LatestHireRequest.swift */,
			);
			path = Bamboo;
			sourceTree = "<group>";
		};
		845BA13122D32D830098E8FE /* Velo */ = {
			isa = PBXGroup;
			children = (
				845BA13222D32D830098E8FE /* VeloRequest.swift */,
			);
			path = Velo;
			sourceTree = "<group>";
		};
		845BA13322D32D830098E8FE /* Jenkins */ = {
			isa = PBXGroup;
			children = (
				845BA13422D32D830098E8FE /* JenkinsBuildsRequest.swift */,
			);
			path = Jenkins;
			sourceTree = "<group>";
		};
		845BA13522D32D830098E8FE /* Events */ = {
			isa = PBXGroup;
			children = (
				845BA13622D32D830098E8FE /* EventsRequest.swift */,
			);
			path = Events;
			sourceTree = "<group>";
		};
		845BA13722D32D830098E8FE /* Socket */ = {
			isa = PBXGroup;
			children = (
				845BA13822D32D830098E8FE /* SocketConfiguration.swift */,
				845BA13922D32D830098E8FE /* ServiceStatus.swift */,
				845BA13A22D32D830098E8FE /* Socket.swift */,
				8481AC5C22D364DA0070B45B /* StatusSocketService.swift */,
			);
			path = Socket;
			sourceTree = "<group>";
		};
		845BA13B22D32D830098E8FE /* Models */ = {
			isa = PBXGroup;
			children = (
				845BA13C22D32D830098E8FE /* Care */,
				845BA13F22D32D830098E8FE /* Bamboo */,
				845BA14222D32D830098E8FE /* Profile */,
				845BA14422D32D830098E8FE /* Velo */,
				845BA14622D32D830098E8FE /* Status.swift */,
				845BA14722D32D830098E8FE /* Jenkins */,
				845BA14922D32D830098E8FE /* Events */,
			);
			path = Models;
			sourceTree = "<group>";
		};
		845BA13C22D32D830098E8FE /* Care */ = {
			isa = PBXGroup;
			children = (
				845BA13D22D32D830098E8FE /* CareTicket.swift */,
				845BA13E22D32D830098E8FE /* CareAgent.swift */,
			);
			path = Care;
			sourceTree = "<group>";
		};
		845BA13F22D32D830098E8FE /* Bamboo */ = {
			isa = PBXGroup;
			children = (
				845BA14022D32D830098E8FE /* BambooBirthdayResponse.swift */,
				845BA14122D32D830098E8FE /* BambooResponse.swift */,
			);
			path = Bamboo;
			sourceTree = "<group>";
		};
		845BA14222D32D830098E8FE /* Profile */ = {
			isa = PBXGroup;
			children = (
				845BA14322D32D830098E8FE /* Profile.swift */,
			);
			path = Profile;
			sourceTree = "<group>";
		};
		845BA14422D32D830098E8FE /* Velo */ = {
			isa = PBXGroup;
			children = (
				845BA14522D32D830098E8FE /* VeloItem.swift */,
			);
			path = Velo;
			sourceTree = "<group>";
		};
		845BA14722D32D830098E8FE /* Jenkins */ = {
			isa = PBXGroup;
			children = (
				845BA14822D32D830098E8FE /* JenkinsBuild.swift */,
			);
			path = Jenkins;
			sourceTree = "<group>";
		};
		845BA14922D32D830098E8FE /* Events */ = {
			isa = PBXGroup;
			children = (
				845BA14A22D32D830098E8FE /* EventsResponse.swift */,
			);
			path = Events;
			sourceTree = "<group>";
		};
		845BA14B22D32D830098E8FE /* Service */ = {
			isa = PBXGroup;
			children = (
				845BA14C22D32D830098E8FE /* Service.swift */,
			);
			path = Service;
			sourceTree = "<group>";
		};
		845BA14D22D32D830098E8FE /* Vendor */ = {
			isa = PBXGroup;
			children = (
				845BA14E22D32D830098E8FE /* SSLClientCertificate.swift */,
				845BA14F22D32D830098E8FE /* Compression.swift */,
				845BA15022D32D830098E8FE /* SSLSecurity.swift */,
				845BA15122D32D830098E8FE /* WebSocket.swift */,
			);
			path = Vendor;
			sourceTree = "<group>";
		};
		845BA16C22D32F650098E8FE /* Views */ = {
			isa = PBXGroup;
			children = (
				843E501922D37ABC0053498B /* Care */,
				845BA12522D32D450098E8FE /* Buttons */,
				8481AC5E22D365900070B45B /* Image */,
				845BA12422D32D3E0098E8FE /* Labels */,
				845BA16D22D32F740098E8FE /* Serve */,
				8481AC6122D36B890070B45B /* Velo */,
			);
			path = Views;
			sourceTree = "<group>";
		};
		845BA16D22D32F740098E8FE /* Serve */ = {
			isa = PBXGroup;
			children = (
				845BA16E22D32FB50098E8FE /* ServeView.swift */,
				845BA17022D331960098E8FE /* ServeOverview.swift */,
			);
			path = Serve;
			sourceTree = "<group>";
		};
		845BA17422D341C70098E8FE /* State */ = {
			isa = PBXGroup;
			children = (
				845BA17522D341DA0098E8FE /* ServiceStore.swift */,
			);
			path = State;
			sourceTree = "<group>";
		};
		8481AC5E22D365900070B45B /* Image */ = {
			isa = PBXGroup;
			children = (
				8481AC5F22D365A50070B45B /* DecodeImage.swift */,
			);
			path = Image;
			sourceTree = "<group>";
		};
		8481AC6122D36B890070B45B /* Velo */ = {
			isa = PBXGroup;
			children = (
				8481AC6522D36C670070B45B /* VeloRowItem.swift */,
				843E501522D370420053498B /* VeloIconItem.swift */,
				843E501722D371FB0053498B /* VeloOverview.swift */,
			);
			path = Velo;
			sourceTree = "<group>";
		};
		8481AC6222D36BA30070B45B /* Velo */ = {
			isa = PBXGroup;
			children = (
				8481AC6322D36BBC0070B45B /* Velos.swift */,
			);
			path = Velo;
			sourceTree = "<group>";
		};
/* End PBXGroup section */

/* Begin PBXNativeTarget section */
		1BCF483722C3707000DF07F2 /* status-page */ = {
			isa = PBXNativeTarget;
			buildConfigurationList = 1BCF486222C3707200DF07F2 /* Build configuration list for PBXNativeTarget "status-page" */;
			buildPhases = (
				1BCF483422C3707000DF07F2 /* Sources */,
				1BCF483522C3707000DF07F2 /* Frameworks */,
				1BCF483622C3707000DF07F2 /* Resources */,
			);
			buildRules = (
			);
			dependencies = (
				8404B7DD22D327B700093992 /* PBXTargetDependency */,
			);
			name = "status-page";
			packageProductDependencies = (
				1BCF48B922C371A400DF07F2 /* Cara */,
			);
			productName = "status-page";
			productReference = 1BCF483822C3707000DF07F2 /* status-page.app */;
			productType = "com.apple.product-type.application";
		};
		1BCF484D22C3707200DF07F2 /* status-pageTests */ = {
			isa = PBXNativeTarget;
			buildConfigurationList = 1BCF486522C3707200DF07F2 /* Build configuration list for PBXNativeTarget "status-pageTests" */;
			buildPhases = (
				1BCF484A22C3707200DF07F2 /* Sources */,
				1BCF484B22C3707200DF07F2 /* Frameworks */,
				1BCF484C22C3707200DF07F2 /* Resources */,
			);
			buildRules = (
			);
			dependencies = (
				1BCF485022C3707200DF07F2 /* PBXTargetDependency */,
			);
			name = "status-pageTests";
			productName = "status-pageTests";
			productReference = 1BCF484E22C3707200DF07F2 /* status-pageTests.xctest */;
			productType = "com.apple.product-type.bundle.unit-test";
		};
		1BCF485822C3707200DF07F2 /* status-pageUITests */ = {
			isa = PBXNativeTarget;
			buildConfigurationList = 1BCF486822C3707200DF07F2 /* Build configuration list for PBXNativeTarget "status-pageUITests" */;
			buildPhases = (
				1BCF485522C3707200DF07F2 /* Sources */,
				1BCF485622C3707200DF07F2 /* Frameworks */,
				1BCF485722C3707200DF07F2 /* Resources */,
			);
			buildRules = (
			);
			dependencies = (
				1BCF485B22C3707200DF07F2 /* PBXTargetDependency */,
			);
			name = "status-pageUITests";
			productName = "status-pageUITests";
			productReference = 1BCF485922C3707200DF07F2 /* status-pageUITests.xctest */;
			productType = "com.apple.product-type.bundle.ui-testing";
		};
		8404B79C22D325FE00093992 /* tvos-status-page */ = {
			isa = PBXNativeTarget;
			buildConfigurationList = 8404B7AB22D3260000093992 /* Build configuration list for PBXNativeTarget "tvos-status-page" */;
			buildPhases = (
				8404B79922D325FE00093992 /* Sources */,
				8404B79A22D325FE00093992 /* Frameworks */,
				8404B79B22D325FE00093992 /* Resources */,
			);
			buildRules = (
			);
			dependencies = (
				8404B7DA22D327A700093992 /* PBXTargetDependency */,
			);
			name = "tvos-status-page";
			productName = "tvos-status-page";
			productReference = 8404B79D22D325FE00093992 /* tvos-status-page.app */;
			productType = "com.apple.product-type.application";
		};
		8404B7AF22D326B100093992 /* status-page-shared */ = {
			isa = PBXNativeTarget;
			buildConfigurationList = 8404B7B422D326B100093992 /* Build configuration list for PBXNativeTarget "status-page-shared" */;
			buildPhases = (
				8404B7AC22D326B100093992 /* Sources */,
				8404B7AD22D326B100093992 /* Frameworks */,
				8404B7AE22D326B100093992 /* CopyFiles */,
			);
			buildRules = (
			);
			dependencies = (
			);
			name = "status-page-shared";
			packageProductDependencies = (
				845BA17222D332490098E8FE /* Cara */,
			);
			productName = "status-page-shared";
			productReference = 8404B7B022D326B100093992 /* libstatus-page-shared.a */;
			productType = "com.apple.product-type.library.static";
		};
/* End PBXNativeTarget section */

/* Begin PBXProject section */
		1BCF483022C3707000DF07F2 /* Project object */ = {
			isa = PBXProject;
			attributes = {
				KnownAssetTags = (
					New,
				);
				LastSwiftUpdateCheck = 1100;
				LastUpgradeCheck = 1100;
				ORGANIZATIONNAME = icapps;
				TargetAttributes = {
					1BCF483722C3707000DF07F2 = {
						CreatedOnToolsVersion = 11.0;
					};
					1BCF484D22C3707200DF07F2 = {
						CreatedOnToolsVersion = 11.0;
						TestTargetID = 1BCF483722C3707000DF07F2;
					};
					1BCF485822C3707200DF07F2 = {
						CreatedOnToolsVersion = 11.0;
						TestTargetID = 1BCF483722C3707000DF07F2;
					};
					8404B79C22D325FE00093992 = {
						CreatedOnToolsVersion = 11.0;
					};
					8404B7AF22D326B100093992 = {
						CreatedOnToolsVersion = 11.0;
					};
				};
			};
			buildConfigurationList = 1BCF483322C3707000DF07F2 /* Build configuration list for PBXProject "status-page" */;
			compatibilityVersion = "Xcode 9.3";
			developmentRegion = en;
			hasScannedForEncodings = 0;
			knownRegions = (
				en,
				Base,
			);
			mainGroup = 1BCF482F22C3707000DF07F2;
			packageReferences = (
				1BCF48B822C371A400DF07F2 /* XCRemoteSwiftPackageReference "ios-cara" */,
			);
			productRefGroup = 1BCF483922C3707000DF07F2 /* Products */;
			projectDirPath = "";
			projectRoot = "";
			targets = (
				1BCF483722C3707000DF07F2 /* status-page */,
				8404B79C22D325FE00093992 /* tvos-status-page */,
				1BCF484D22C3707200DF07F2 /* status-pageTests */,
				1BCF485822C3707200DF07F2 /* status-pageUITests */,
				8404B7AF22D326B100093992 /* status-page-shared */,
			);
		};
/* End PBXProject section */

/* Begin PBXResourcesBuildPhase section */
		1BCF483622C3707000DF07F2 /* Resources */ = {
			isa = PBXResourcesBuildPhase;
			buildActionMask = 2147483647;
			files = (
				843E503422D37E8A0053498B /* OpenSans-SemiBoldItalic.ttf in Resources */,
				843E503722D37E8A0053498B /* OpenSans-ExtraBoldItalic.ttf in Resources */,
				843E503622D37E8A0053498B /* HKNova-MediumR.ttf in Resources */,
				845BA10D22D32B9F0098E8FE /* Assets.xcassets in Resources */,
				843E502C22D37E8A0053498B /* HKNova-LightR.ttf in Resources */,
				843E503522D37E8A0053498B /* HKNova-ThinR.ttf in Resources */,
				1BCF484822C3707200DF07F2 /* LaunchScreen.storyboard in Resources */,
				843E503322D37E8A0053498B /* OpenSans-Bold.ttf in Resources */,
				843E502222D37E740053498B /* OpenSans-SemiBold.ttf in Resources */,
				843E502A22D37E850053498B /* HKNova-SemiBoldR.ttf in Resources */,
				845BA12322D32CDC0098E8FE /* Assets.xcassets in Resources */,
				843E503222D37E8A0053498B /* OpenSans-LightItalic.ttf in Resources */,
				843E503822D37E8A0053498B /* OpenSans-Regular.ttf in Resources */,
				843E502922D37E810053498B /* HKNova-ExtraBoldR.ttf in Resources */,
				1BCF484522C3707200DF07F2 /* Preview Assets.xcassets in Resources */,
				843E502722D37E7E0053498B /* HKNova-HeavyR.ttf in Resources */,
				843E503922D37E8A0053498B /* OpenSans-BoldItalic.ttf in Resources */,
				843E503022D37E8A0053498B /* OpenSans-ExtraBold.ttf in Resources */,
				843E502E22D37E8A0053498B /* OpenSans-Italic.ttf in Resources */,
				843E502D22D37E8A0053498B /* OpenSans-Light.ttf in Resources */,
				843E502422D37E770053498B /* HKNova-RegularR.ttf in Resources */,
				843E502F22D37E8A0053498B /* HKNova-BoldR.ttf in Resources */,
				843E503122D37E8A0053498B /* HKNova-ExtraLightR.ttf in Resources */,
			);
			runOnlyForDeploymentPostprocessing = 0;
		};
		1BCF484C22C3707200DF07F2 /* Resources */ = {
			isa = PBXResourcesBuildPhase;
			buildActionMask = 2147483647;
			files = (
			);
			runOnlyForDeploymentPostprocessing = 0;
		};
		1BCF485722C3707200DF07F2 /* Resources */ = {
			isa = PBXResourcesBuildPhase;
			buildActionMask = 2147483647;
			files = (
			);
			runOnlyForDeploymentPostprocessing = 0;
		};
		8404B79B22D325FE00093992 /* Resources */ = {
			isa = PBXResourcesBuildPhase;
			buildActionMask = 2147483647;
			files = (
				843E502322D37E740053498B /* OpenSans-SemiBold.ttf in Resources */,
				843E503C22D37E8A0053498B /* OpenSans-Italic.ttf in Resources */,
				843E504122D37E8A0053498B /* OpenSans-Bold.ttf in Resources */,
				843E504322D37E8A0053498B /* HKNova-ThinR.ttf in Resources */,
				843E502522D37E780053498B /* HKNova-RegularR.ttf in Resources */,
				8404B7A722D3260000093992 /* Preview Assets.xcassets in Resources */,
				845BA12222D32CDB0098E8FE /* Assets.xcassets in Resources */,
				843E504522D37E8A0053498B /* OpenSans-ExtraBoldItalic.ttf in Resources */,
				843E502622D37E7D0053498B /* HKNova-HeavyR.ttf in Resources */,
				843E503F22D37E8A0053498B /* HKNova-ExtraLightR.ttf in Resources */,
				843E504622D37E8A0053498B /* OpenSans-Regular.ttf in Resources */,
				843E502B22D37E850053498B /* HKNova-SemiBoldR.ttf in Resources */,
				8404B7A422D3260000093992 /* Assets.xcassets in Resources */,
				843E502822D37E810053498B /* HKNova-ExtraBoldR.ttf in Resources */,
				843E504722D37E8A0053498B /* OpenSans-BoldItalic.ttf in Resources */,
				843E503B22D37E8A0053498B /* OpenSans-Light.ttf in Resources */,
				843E504222D37E8A0053498B /* OpenSans-SemiBoldItalic.ttf in Resources */,
				843E503A22D37E8A0053498B /* HKNova-LightR.ttf in Resources */,
				843E504422D37E8A0053498B /* HKNova-MediumR.ttf in Resources */,
				843E503D22D37E8A0053498B /* HKNova-BoldR.ttf in Resources */,
				843E503E22D37E8A0053498B /* OpenSans-ExtraBold.ttf in Resources */,
				843E504022D37E8A0053498B /* OpenSans-LightItalic.ttf in Resources */,
			);
			runOnlyForDeploymentPostprocessing = 0;
		};
/* End PBXResourcesBuildPhase section */

/* Begin PBXSourcesBuildPhase section */
		1BCF483422C3707000DF07F2 /* Sources */ = {
			isa = PBXSourcesBuildPhase;
			buildActionMask = 2147483647;
			files = (
				1BCF483C22C3707000DF07F2 /* AppDelegate.swift in Sources */,
				1BCF483E22C3707000DF07F2 /* SceneDelegate.swift in Sources */,
				1BCF48BE22C3720700DF07F2 /* StartView.swift in Sources */,
				1BCF48C122C388A400DF07F2 /* LoginView.swift in Sources */,
			);
			runOnlyForDeploymentPostprocessing = 0;
		};
		1BCF484A22C3707200DF07F2 /* Sources */ = {
			isa = PBXSourcesBuildPhase;
			buildActionMask = 2147483647;
			files = (
				1BCF485322C3707200DF07F2 /* status_pageTests.swift in Sources */,
			);
			runOnlyForDeploymentPostprocessing = 0;
		};
		1BCF485522C3707200DF07F2 /* Sources */ = {
			isa = PBXSourcesBuildPhase;
			buildActionMask = 2147483647;
			files = (
				1BCF485E22C3707200DF07F2 /* status_pageUITests.swift in Sources */,
			);
			runOnlyForDeploymentPostprocessing = 0;
		};
		8404B79922D325FE00093992 /* Sources */ = {
			isa = PBXSourcesBuildPhase;
			buildActionMask = 2147483647;
			files = (
				845BA10822D329800098E8FE /* Login.swift in Sources */,
				8404B7A022D325FE00093992 /* AppDelegate.swift in Sources */,
				8481AC5B22D34EF20070B45B /* SceneDelegate.swift in Sources */,
				8481AC6422D36BBC0070B45B /* Velos.swift in Sources */,
			);
			runOnlyForDeploymentPostprocessing = 0;
		};
		8404B7AC22D326B100093992 /* Sources */ = {
			isa = PBXSourcesBuildPhase;
			buildActionMask = 2147483647;
			files = (
				8404B7D422D3279800093992 /* Palette.swift in Sources */,
				8404B7B322D326B100093992 /* status_page_shared.swift in Sources */,
				845BA17122D331960098E8FE /* ServeOverview.swift in Sources */,
				843E501822D371FB0053498B /* VeloOverview.swift in Sources */,
				843E501622D370420053498B /* VeloIconItem.swift in Sources */,
				8481AC6022D365A50070B45B /* DecodeImage.swift in Sources */,
				845BA15222D32D830098E8FE /* CareAgentRequest.swift in Sources */,
				845BA15C22D32D830098E8FE /* ServiceStatus.swift in Sources */,
				845BA15D22D32D830098E8FE /* Socket.swift in Sources */,
				845BA16722D32D830098E8FE /* Service.swift in Sources */,
				845BA16922D32D830098E8FE /* Compression.swift in Sources */,
				843E501B22D37B240053498B /* CareItem.swift in Sources */,
				845BA16022D32D830098E8FE /* BambooBirthdayResponse.swift in Sources */,
				845BA15822D32D830098E8FE /* VeloRequest.swift in Sources */,
				843E501F22D37B770053498B /* ProfileHeader.swift in Sources */,
				845BA15422D32D830098E8FE /* StatusRequest.swift in Sources */,
				845BA17A22D346110098E8FE /* GeneralLabel.swift in Sources */,
				845BA16F22D32FB50098E8FE /* ServeView.swift in Sources */,
				845BA17622D341DA0098E8FE /* ServiceStore.swift in Sources */,
				845BA16622D32D830098E8FE /* EventsResponse.swift in Sources */,
				845BA17822D3460C0098E8FE /* ActionButton.swift in Sources */,
				8481AC6622D36C670070B45B /* VeloRowItem.swift in Sources */,
				843E504D22D38B840053498B /* CareItemStatus.swift in Sources */,
				845BA15E22D32D830098E8FE /* CareTicket.swift in Sources */,
				845BA16322D32D830098E8FE /* VeloItem.swift in Sources */,
				845BA16422D32D830098E8FE /* Status.swift in Sources */,
				845BA15A22D32D830098E8FE /* EventsRequest.swift in Sources */,
				8481AC5D22D364DA0070B45B /* StatusSocketService.swift in Sources */,
				845BA16A22D32D830098E8FE /* SSLSecurity.swift in Sources */,
				843E504B22D3883C0053498B /* CareSubject.swift in Sources */,
				845BA15522D32D830098E8FE /* AnniversaryRequest.swift in Sources */,
				845BA15322D32D830098E8FE /* CareRequest.swift in Sources */,
				843E502122D37D590053498B /* HeaderLabel.swift in Sources */,
				845BA15F22D32D830098E8FE /* CareAgent.swift in Sources */,
				845BA16122D32D830098E8FE /* BambooResponse.swift in Sources */,
				845BA16B22D32D830098E8FE /* WebSocket.swift in Sources */,
				843E501D22D37B320053498B /* CareHeader.swift in Sources */,
				845BA15922D32D830098E8FE /* JenkinsBuildsRequest.swift in Sources */,
				8404B7D522D3279800093992 /* FontBook.swift in Sources */,
				845BA15622D32D830098E8FE /* BirthdayRequest.swift in Sources */,
				845BA15B22D32D830098E8FE /* SocketConfiguration.swift in Sources */,
				845BA16222D32D830098E8FE /* Profile.swift in Sources */,
				845BA16522D32D830098E8FE /* JenkinsBuild.swift in Sources */,
				843E504922D37ED10053498B /* OpenSansLabel.swift in Sources */,
				845BA16822D32D830098E8FE /* SSLClientCertificate.swift in Sources */,
				845BA15722D32D830098E8FE /* LatestHireRequest.swift in Sources */,
			);
			runOnlyForDeploymentPostprocessing = 0;
		};
/* End PBXSourcesBuildPhase section */

/* Begin PBXTargetDependency section */
		1BCF485022C3707200DF07F2 /* PBXTargetDependency */ = {
			isa = PBXTargetDependency;
			target = 1BCF483722C3707000DF07F2 /* status-page */;
			targetProxy = 1BCF484F22C3707200DF07F2 /* PBXContainerItemProxy */;
		};
		1BCF485B22C3707200DF07F2 /* PBXTargetDependency */ = {
			isa = PBXTargetDependency;
			target = 1BCF483722C3707000DF07F2 /* status-page */;
			targetProxy = 1BCF485A22C3707200DF07F2 /* PBXContainerItemProxy */;
		};
		8404B7DA22D327A700093992 /* PBXTargetDependency */ = {
			isa = PBXTargetDependency;
			target = 8404B7AF22D326B100093992 /* status-page-shared */;
			targetProxy = 8404B7D922D327A700093992 /* PBXContainerItemProxy */;
		};
		8404B7DD22D327B700093992 /* PBXTargetDependency */ = {
			isa = PBXTargetDependency;
			target = 8404B7AF22D326B100093992 /* status-page-shared */;
			targetProxy = 8404B7DC22D327B700093992 /* PBXContainerItemProxy */;
		};
/* End PBXTargetDependency section */

/* Begin PBXVariantGroup section */
		1BCF484622C3707200DF07F2 /* LaunchScreen.storyboard */ = {
			isa = PBXVariantGroup;
			children = (
				1BCF484722C3707200DF07F2 /* Base */,
			);
			name = LaunchScreen.storyboard;
			sourceTree = "<group>";
		};
/* End PBXVariantGroup section */

/* Begin XCBuildConfiguration section */
		1BCF486022C3707200DF07F2 /* Debug */ = {
			isa = XCBuildConfiguration;
			buildSettings = {
				ALWAYS_SEARCH_USER_PATHS = NO;
				CLANG_ANALYZER_NONNULL = YES;
				CLANG_ANALYZER_NUMBER_OBJECT_CONVERSION = YES_AGGRESSIVE;
				CLANG_CXX_LANGUAGE_STANDARD = "gnu++14";
				CLANG_CXX_LIBRARY = "libc++";
				CLANG_ENABLE_MODULES = YES;
				CLANG_ENABLE_OBJC_ARC = YES;
				CLANG_ENABLE_OBJC_WEAK = YES;
				CLANG_WARN_BLOCK_CAPTURE_AUTORELEASING = YES;
				CLANG_WARN_BOOL_CONVERSION = YES;
				CLANG_WARN_COMMA = YES;
				CLANG_WARN_CONSTANT_CONVERSION = YES;
				CLANG_WARN_DEPRECATED_OBJC_IMPLEMENTATIONS = YES;
				CLANG_WARN_DIRECT_OBJC_ISA_USAGE = YES_ERROR;
				CLANG_WARN_DOCUMENTATION_COMMENTS = YES;
				CLANG_WARN_EMPTY_BODY = YES;
				CLANG_WARN_ENUM_CONVERSION = YES;
				CLANG_WARN_INFINITE_RECURSION = YES;
				CLANG_WARN_INT_CONVERSION = YES;
				CLANG_WARN_NON_LITERAL_NULL_CONVERSION = YES;
				CLANG_WARN_OBJC_IMPLICIT_RETAIN_SELF = YES;
				CLANG_WARN_OBJC_LITERAL_CONVERSION = YES;
				CLANG_WARN_OBJC_ROOT_CLASS = YES_ERROR;
				CLANG_WARN_RANGE_LOOP_ANALYSIS = YES;
				CLANG_WARN_STRICT_PROTOTYPES = YES;
				CLANG_WARN_SUSPICIOUS_MOVE = YES;
				CLANG_WARN_UNGUARDED_AVAILABILITY = YES_AGGRESSIVE;
				CLANG_WARN_UNREACHABLE_CODE = YES;
				CLANG_WARN__DUPLICATE_METHOD_MATCH = YES;
				COPY_PHASE_STRIP = NO;
				DEBUG_INFORMATION_FORMAT = dwarf;
				ENABLE_STRICT_OBJC_MSGSEND = YES;
				ENABLE_TESTABILITY = YES;
				GCC_C_LANGUAGE_STANDARD = gnu11;
				GCC_DYNAMIC_NO_PIC = NO;
				GCC_NO_COMMON_BLOCKS = YES;
				GCC_OPTIMIZATION_LEVEL = 0;
				GCC_PREPROCESSOR_DEFINITIONS = (
					"DEBUG=1",
					"$(inherited)",
				);
				GCC_WARN_64_TO_32_BIT_CONVERSION = YES;
				GCC_WARN_ABOUT_RETURN_TYPE = YES_ERROR;
				GCC_WARN_UNDECLARED_SELECTOR = YES;
				GCC_WARN_UNINITIALIZED_AUTOS = YES_AGGRESSIVE;
				GCC_WARN_UNUSED_FUNCTION = YES;
				GCC_WARN_UNUSED_VARIABLE = YES;
				IPHONEOS_DEPLOYMENT_TARGET = 13.0;
				MTL_ENABLE_DEBUG_INFO = INCLUDE_SOURCE;
				MTL_FAST_MATH = YES;
				ONLY_ACTIVE_ARCH = YES;
				SDKROOT = iphoneos;
				SWIFT_ACTIVE_COMPILATION_CONDITIONS = DEBUG;
				SWIFT_OPTIMIZATION_LEVEL = "-Onone";
			};
			name = Debug;
		};
		1BCF486122C3707200DF07F2 /* Release */ = {
			isa = XCBuildConfiguration;
			buildSettings = {
				ALWAYS_SEARCH_USER_PATHS = NO;
				CLANG_ANALYZER_NONNULL = YES;
				CLANG_ANALYZER_NUMBER_OBJECT_CONVERSION = YES_AGGRESSIVE;
				CLANG_CXX_LANGUAGE_STANDARD = "gnu++14";
				CLANG_CXX_LIBRARY = "libc++";
				CLANG_ENABLE_MODULES = YES;
				CLANG_ENABLE_OBJC_ARC = YES;
				CLANG_ENABLE_OBJC_WEAK = YES;
				CLANG_WARN_BLOCK_CAPTURE_AUTORELEASING = YES;
				CLANG_WARN_BOOL_CONVERSION = YES;
				CLANG_WARN_COMMA = YES;
				CLANG_WARN_CONSTANT_CONVERSION = YES;
				CLANG_WARN_DEPRECATED_OBJC_IMPLEMENTATIONS = YES;
				CLANG_WARN_DIRECT_OBJC_ISA_USAGE = YES_ERROR;
				CLANG_WARN_DOCUMENTATION_COMMENTS = YES;
				CLANG_WARN_EMPTY_BODY = YES;
				CLANG_WARN_ENUM_CONVERSION = YES;
				CLANG_WARN_INFINITE_RECURSION = YES;
				CLANG_WARN_INT_CONVERSION = YES;
				CLANG_WARN_NON_LITERAL_NULL_CONVERSION = YES;
				CLANG_WARN_OBJC_IMPLICIT_RETAIN_SELF = YES;
				CLANG_WARN_OBJC_LITERAL_CONVERSION = YES;
				CLANG_WARN_OBJC_ROOT_CLASS = YES_ERROR;
				CLANG_WARN_RANGE_LOOP_ANALYSIS = YES;
				CLANG_WARN_STRICT_PROTOTYPES = YES;
				CLANG_WARN_SUSPICIOUS_MOVE = YES;
				CLANG_WARN_UNGUARDED_AVAILABILITY = YES_AGGRESSIVE;
				CLANG_WARN_UNREACHABLE_CODE = YES;
				CLANG_WARN__DUPLICATE_METHOD_MATCH = YES;
				COPY_PHASE_STRIP = NO;
				DEBUG_INFORMATION_FORMAT = "dwarf-with-dsym";
				ENABLE_NS_ASSERTIONS = NO;
				ENABLE_STRICT_OBJC_MSGSEND = YES;
				GCC_C_LANGUAGE_STANDARD = gnu11;
				GCC_NO_COMMON_BLOCKS = YES;
				GCC_WARN_64_TO_32_BIT_CONVERSION = YES;
				GCC_WARN_ABOUT_RETURN_TYPE = YES_ERROR;
				GCC_WARN_UNDECLARED_SELECTOR = YES;
				GCC_WARN_UNINITIALIZED_AUTOS = YES_AGGRESSIVE;
				GCC_WARN_UNUSED_FUNCTION = YES;
				GCC_WARN_UNUSED_VARIABLE = YES;
				IPHONEOS_DEPLOYMENT_TARGET = 13.0;
				MTL_ENABLE_DEBUG_INFO = NO;
				MTL_FAST_MATH = YES;
				SDKROOT = iphoneos;
				SWIFT_COMPILATION_MODE = wholemodule;
				SWIFT_OPTIMIZATION_LEVEL = "-O";
				VALIDATE_PRODUCT = YES;
			};
			name = Release;
		};
		1BCF486322C3707200DF07F2 /* Debug */ = {
			isa = XCBuildConfiguration;
			buildSettings = {
				ASSETCATALOG_COMPILER_APPICON_NAME = AppIcon;
				CODE_SIGN_STYLE = Automatic;
				DEVELOPMENT_ASSET_PATHS = "status-page/Preview\\ Content";
				ENABLE_PREVIEWS = YES;
				INFOPLIST_FILE = "status-page/Supporting Files/Info.plist";
				LD_RUNPATH_SEARCH_PATHS = (
					"$(inherited)",
					"@executable_path/Frameworks",
				);
				PRODUCT_BUNDLE_IDENTIFIER = "com.icapps.status-page";
				PRODUCT_NAME = "$(TARGET_NAME)";
				SWIFT_VERSION = 5.0;
				TARGETED_DEVICE_FAMILY = "1,2";
			};
			name = Debug;
		};
		1BCF486422C3707200DF07F2 /* Release */ = {
			isa = XCBuildConfiguration;
			buildSettings = {
				ASSETCATALOG_COMPILER_APPICON_NAME = AppIcon;
				CODE_SIGN_STYLE = Automatic;
				DEVELOPMENT_ASSET_PATHS = "status-page/Preview\\ Content";
				ENABLE_PREVIEWS = YES;
				INFOPLIST_FILE = "status-page/Supporting Files/Info.plist";
				LD_RUNPATH_SEARCH_PATHS = (
					"$(inherited)",
					"@executable_path/Frameworks",
				);
				PRODUCT_BUNDLE_IDENTIFIER = "com.icapps.status-page";
				PRODUCT_NAME = "$(TARGET_NAME)";
				SWIFT_VERSION = 5.0;
				TARGETED_DEVICE_FAMILY = "1,2";
			};
			name = Release;
		};
		1BCF486622C3707200DF07F2 /* Debug */ = {
			isa = XCBuildConfiguration;
			buildSettings = {
				ALWAYS_EMBED_SWIFT_STANDARD_LIBRARIES = YES;
				BUNDLE_LOADER = "$(TEST_HOST)";
				CODE_SIGN_STYLE = Automatic;
				INFOPLIST_FILE = "status-pageTests/Info.plist";
				LD_RUNPATH_SEARCH_PATHS = (
					"$(inherited)",
					"@executable_path/Frameworks",
					"@loader_path/Frameworks",
				);
				PRODUCT_BUNDLE_IDENTIFIER = "com.icapps.status-pageTests";
				PRODUCT_NAME = "$(TARGET_NAME)";
				SWIFT_VERSION = 5.0;
				TARGETED_DEVICE_FAMILY = "1,2";
				TEST_HOST = "$(BUILT_PRODUCTS_DIR)/status-page.app/status-page";
			};
			name = Debug;
		};
		1BCF486722C3707200DF07F2 /* Release */ = {
			isa = XCBuildConfiguration;
			buildSettings = {
				ALWAYS_EMBED_SWIFT_STANDARD_LIBRARIES = YES;
				BUNDLE_LOADER = "$(TEST_HOST)";
				CODE_SIGN_STYLE = Automatic;
				INFOPLIST_FILE = "status-pageTests/Info.plist";
				LD_RUNPATH_SEARCH_PATHS = (
					"$(inherited)",
					"@executable_path/Frameworks",
					"@loader_path/Frameworks",
				);
				PRODUCT_BUNDLE_IDENTIFIER = "com.icapps.status-pageTests";
				PRODUCT_NAME = "$(TARGET_NAME)";
				SWIFT_VERSION = 5.0;
				TARGETED_DEVICE_FAMILY = "1,2";
				TEST_HOST = "$(BUILT_PRODUCTS_DIR)/status-page.app/status-page";
			};
			name = Release;
		};
		1BCF486922C3707200DF07F2 /* Debug */ = {
			isa = XCBuildConfiguration;
			buildSettings = {
				ALWAYS_EMBED_SWIFT_STANDARD_LIBRARIES = YES;
				CODE_SIGN_STYLE = Automatic;
				INFOPLIST_FILE = "status-pageUITests/Info.plist";
				LD_RUNPATH_SEARCH_PATHS = (
					"$(inherited)",
					"@executable_path/Frameworks",
					"@loader_path/Frameworks",
				);
				PRODUCT_BUNDLE_IDENTIFIER = "com.icapps.status-pageUITests";
				PRODUCT_NAME = "$(TARGET_NAME)";
				SWIFT_VERSION = 5.0;
				TARGETED_DEVICE_FAMILY = "1,2";
				TEST_TARGET_NAME = "status-page";
			};
			name = Debug;
		};
		1BCF486A22C3707200DF07F2 /* Release */ = {
			isa = XCBuildConfiguration;
			buildSettings = {
				ALWAYS_EMBED_SWIFT_STANDARD_LIBRARIES = YES;
				CODE_SIGN_STYLE = Automatic;
				INFOPLIST_FILE = "status-pageUITests/Info.plist";
				LD_RUNPATH_SEARCH_PATHS = (
					"$(inherited)",
					"@executable_path/Frameworks",
					"@loader_path/Frameworks",
				);
				PRODUCT_BUNDLE_IDENTIFIER = "com.icapps.status-pageUITests";
				PRODUCT_NAME = "$(TARGET_NAME)";
				SWIFT_VERSION = 5.0;
				TARGETED_DEVICE_FAMILY = "1,2";
				TEST_TARGET_NAME = "status-page";
			};
			name = Release;
		};
		8404B7A922D3260000093992 /* Debug */ = {
			isa = XCBuildConfiguration;
			buildSettings = {
				ASSETCATALOG_COMPILER_APPICON_NAME = "App Icon & Top Shelf Image";
				ASSETCATALOG_COMPILER_LAUNCHIMAGE_NAME = "Launch Image";
				CODE_SIGN_STYLE = Automatic;
				DEVELOPMENT_ASSET_PATHS = "tvos-status-page/Preview\\ Content";
				DEVELOPMENT_TEAM = FAJTRUZ6J9;
				ENABLE_PREVIEWS = YES;
				INFOPLIST_FILE = "tvos-status-page/Info.plist";
				LD_RUNPATH_SEARCH_PATHS = (
					"$(inherited)",
					"@executable_path/Frameworks",
				);
				PRODUCT_BUNDLE_IDENTIFIER = "com.icapps.tvos-status-page";
				PRODUCT_NAME = "$(TARGET_NAME)";
				SDKROOT = appletvos;
				SWIFT_VERSION = 5.0;
				TARGETED_DEVICE_FAMILY = 3;
				TVOS_DEPLOYMENT_TARGET = 13.0;
			};
			name = Debug;
		};
		8404B7AA22D3260000093992 /* Release */ = {
			isa = XCBuildConfiguration;
			buildSettings = {
				ASSETCATALOG_COMPILER_APPICON_NAME = "App Icon & Top Shelf Image";
				ASSETCATALOG_COMPILER_LAUNCHIMAGE_NAME = "Launch Image";
				CODE_SIGN_STYLE = Automatic;
				DEVELOPMENT_ASSET_PATHS = "tvos-status-page/Preview\\ Content";
				DEVELOPMENT_TEAM = FAJTRUZ6J9;
				ENABLE_PREVIEWS = YES;
				INFOPLIST_FILE = "tvos-status-page/Info.plist";
				LD_RUNPATH_SEARCH_PATHS = (
					"$(inherited)",
					"@executable_path/Frameworks",
				);
				PRODUCT_BUNDLE_IDENTIFIER = "com.icapps.tvos-status-page";
				PRODUCT_NAME = "$(TARGET_NAME)";
				SDKROOT = appletvos;
				SWIFT_VERSION = 5.0;
				TARGETED_DEVICE_FAMILY = 3;
				TVOS_DEPLOYMENT_TARGET = 13.0;
			};
			name = Release;
		};
		8404B7B522D326B100093992 /* Debug */ = {
			isa = XCBuildConfiguration;
			buildSettings = {
				CODE_SIGN_STYLE = Automatic;
				DEVELOPMENT_TEAM = FAJTRUZ6J9;
				OTHER_LDFLAGS = "-ObjC";
				PRODUCT_NAME = "$(TARGET_NAME)";
				SKIP_INSTALL = YES;
				SUPPORTED_PLATFORMS = "iphonesimulator iphoneos appletvos appletvsimulator";
				SWIFT_VERSION = 5.0;
				TARGETED_DEVICE_FAMILY = "1,2";
			};
			name = Debug;
		};
		8404B7B622D326B100093992 /* Release */ = {
			isa = XCBuildConfiguration;
			buildSettings = {
				CODE_SIGN_STYLE = Automatic;
				DEVELOPMENT_TEAM = FAJTRUZ6J9;
				OTHER_LDFLAGS = "-ObjC";
				PRODUCT_NAME = "$(TARGET_NAME)";
				SKIP_INSTALL = YES;
				SUPPORTED_PLATFORMS = "iphonesimulator iphoneos appletvos appletvsimulator";
				SWIFT_VERSION = 5.0;
				TARGETED_DEVICE_FAMILY = "1,2";
			};
			name = Release;
		};
/* End XCBuildConfiguration section */

/* Begin XCConfigurationList section */
		1BCF483322C3707000DF07F2 /* Build configuration list for PBXProject "status-page" */ = {
			isa = XCConfigurationList;
			buildConfigurations = (
				1BCF486022C3707200DF07F2 /* Debug */,
				1BCF486122C3707200DF07F2 /* Release */,
			);
			defaultConfigurationIsVisible = 0;
			defaultConfigurationName = Release;
		};
		1BCF486222C3707200DF07F2 /* Build configuration list for PBXNativeTarget "status-page" */ = {
			isa = XCConfigurationList;
			buildConfigurations = (
				1BCF486322C3707200DF07F2 /* Debug */,
				1BCF486422C3707200DF07F2 /* Release */,
			);
			defaultConfigurationIsVisible = 0;
			defaultConfigurationName = Release;
		};
		1BCF486522C3707200DF07F2 /* Build configuration list for PBXNativeTarget "status-pageTests" */ = {
			isa = XCConfigurationList;
			buildConfigurations = (
				1BCF486622C3707200DF07F2 /* Debug */,
				1BCF486722C3707200DF07F2 /* Release */,
			);
			defaultConfigurationIsVisible = 0;
			defaultConfigurationName = Release;
		};
		1BCF486822C3707200DF07F2 /* Build configuration list for PBXNativeTarget "status-pageUITests" */ = {
			isa = XCConfigurationList;
			buildConfigurations = (
				1BCF486922C3707200DF07F2 /* Debug */,
				1BCF486A22C3707200DF07F2 /* Release */,
			);
			defaultConfigurationIsVisible = 0;
			defaultConfigurationName = Release;
		};
		8404B7AB22D3260000093992 /* Build configuration list for PBXNativeTarget "tvos-status-page" */ = {
			isa = XCConfigurationList;
			buildConfigurations = (
				8404B7A922D3260000093992 /* Debug */,
				8404B7AA22D3260000093992 /* Release */,
			);
			defaultConfigurationIsVisible = 0;
			defaultConfigurationName = Release;
		};
		8404B7B422D326B100093992 /* Build configuration list for PBXNativeTarget "status-page-shared" */ = {
			isa = XCConfigurationList;
			buildConfigurations = (
				8404B7B522D326B100093992 /* Debug */,
				8404B7B622D326B100093992 /* Release */,
			);
			defaultConfigurationIsVisible = 0;
			defaultConfigurationName = Release;
		};
/* End XCConfigurationList section */

/* Begin XCRemoteSwiftPackageReference section */
		1BCF48B822C371A400DF07F2 /* XCRemoteSwiftPackageReference "ios-cara" */ = {
			isa = XCRemoteSwiftPackageReference;
			repositoryURL = "https://github.com/icapps/ios-cara";
			requirement = {
				kind = revision;
				revision = e3ad251a241844531cc7c2189c4f11db048a46a3;
			};
		};
/* End XCRemoteSwiftPackageReference section */

/* Begin XCSwiftPackageProductDependency section */
		1BCF48B922C371A400DF07F2 /* Cara */ = {
			isa = XCSwiftPackageProductDependency;
			package = 1BCF48B822C371A400DF07F2 /* XCRemoteSwiftPackageReference "ios-cara" */;
			productName = Cara;
		};
		845BA17222D332490098E8FE /* Cara */ = {
			isa = XCSwiftPackageProductDependency;
			package = 1BCF48B822C371A400DF07F2 /* XCRemoteSwiftPackageReference "ios-cara" */;
			productName = Cara;
		};
/* End XCSwiftPackageProductDependency section */
	};
	rootObject = 1BCF483022C3707000DF07F2 /* Project object */;
}
